
Microsoft Visual Studio Solution File, Format Version 12.00
# Visual Studio Version 17
VisualStudioVersion = 17.0.31903.59
MinimumVisualStudioVersion = 10.0.40219.1
Project("{2150E333-8FDC-42A3-9474-1A3956D46DE8}") = "src", "src", "{827E0CD3-B72D-47B6-A68D-7590B98EB39B}"
EndProject
Project("{FAE04EC0-301F-11D3-BF4B-00C04F79EFBC}") = "Domain", "src\Domain\Domain.csproj", "{B870A3AE-8FD7-42C7-814A-AFD380CBAB6C}"
EndProject
Project("{FAE04EC0-301F-11D3-BF4B-00C04F79EFBC}") = "Application", "src\Application\Application.csproj", "{6FEE93D4-6C31-4F6B-BAD5-4C1CB4F7C949}"
EndProject
Project("{FAE04EC0-301F-11D3-BF4B-00C04F79EFBC}") = "Infrastructure", "src\Infrastructure\Infrastructure.csproj", "{D1E4BBF3-75D4-493A-B785-CC9FC6444809}"
EndProject
Project("{FAE04EC0-301F-11D3-BF4B-00C04F79EFBC}") = "Api", "src\Api\Api.csproj", "{9B28D87D-4E3B-448D-BCD5-2F2D2644D499}"
EndProject
Project("{2150E333-8FDC-42A3-9474-1A3956D46DE8}") = "tests", "tests", "{0AB3BF05-4346-4AA6-1389-037BE0695223}"
EndProject
Project("{FAE04EC0-301F-11D3-BF4B-00C04F79EFBC}") = "Domain.UnitTests", "tests\Unit\Domain.UnitTests\Domain.UnitTests.csproj", "{624761FA-A75E-462A-BE3E-D322F59204DE}"
EndProject
Project("{FAE04EC0-301F-11D3-BF4B-00C04F79EFBC}") = "Application.UnitTests", "tests\Unit\Application.UnitTests\Application.UnitTests.csproj", "{DA4BB4A8-13A1-43B0-9E1B-D499FAC9FF00}"
EndProject
Project("{FAE04EC0-301F-11D3-BF4B-00C04F79EFBC}") = "Infrastructure.IntegrationTests", "tests\Integration\Infrastructure.IntegrationTests\Infrastructure.IntegrationTests.csproj", "{C07887F5-5AC1-4E8A-9725-FD64450C4009}"
EndProject
Project("{FAE04EC0-301F-11D3-BF4B-00C04F79EFBC}") = "Api.FunctionalTests", "tests\FunctionalTests\Api.FunctionalTests\Api.FunctionalTests.csproj", "{53D31A12-4512-440A-A6D8-1018195431CD}"
EndProject
Project("{FAE04EC0-301F-11D3-BF4B-00C04F79EFBC}") = "ArchitectureTests", "tests\ArchitectureTests\ArchitectureTests.csproj", "{863E54F6-72B8-4F85-88EE-399D9FAE637C}"
EndProject
Global
	GlobalSection(SolutionConfigurationPlatforms) = preSolution
		Debug|Any CPU = Debug|Any CPU
		Debug|x64 = Debug|x64
		Debug|x86 = Debug|x86
		Release|Any CPU = Release|Any CPU
		Release|x64 = Release|x64
		Release|x86 = Release|x86
	EndGlobalSection
	GlobalSection(ProjectConfigurationPlatforms) = postSolution
		{B870A3AE-8FD7-42C7-814A-AFD380CBAB6C}.Debug|Any CPU.ActiveCfg = Debug|Any CPU
		{B870A3AE-8FD7-42C7-814A-AFD380CBAB6C}.Debug|Any CPU.Build.0 = Debug|Any CPU
		{B870A3AE-8FD7-42C7-814A-AFD380CBAB6C}.Debug|x64.ActiveCfg = Debug|Any CPU
		{B870A3AE-8FD7-42C7-814A-AFD380CBAB6C}.Debug|x64.Build.0 = Debug|Any CPU
		{B870A3AE-8FD7-42C7-814A-AFD380CBAB6C}.Debug|x86.ActiveCfg = Debug|Any CPU
		{B870A3AE-8FD7-42C7-814A-AFD380CBAB6C}.Debug|x86.Build.0 = Debug|Any CPU
		{B870A3AE-8FD7-42C7-814A-AFD380CBAB6C}.Release|Any CPU.ActiveCfg = Release|Any CPU
		{B870A3AE-8FD7-42C7-814A-AFD380CBAB6C}.Release|Any CPU.Build.0 = Release|Any CPU
		{B870A3AE-8FD7-42C7-814A-AFD380CBAB6C}.Release|x64.ActiveCfg = Release|Any CPU
		{B870A3AE-8FD7-42C7-814A-AFD380CBAB6C}.Release|x64.Build.0 = Release|Any CPU
		{B870A3AE-8FD7-42C7-814A-AFD380CBAB6C}.Release|x86.ActiveCfg = Release|Any CPU
		{B870A3AE-8FD7-42C7-814A-AFD380CBAB6C}.Release|x86.Build.0 = Release|Any CPU
		{6FEE93D4-6C31-4F6B-BAD5-4C1CB4F7C949}.Debug|Any CPU.ActiveCfg = Debug|Any CPU
		{6FEE93D4-6C31-4F6B-BAD5-4C1CB4F7C949}.Debug|Any CPU.Build.0 = Debug|Any CPU
		{6FEE93D4-6C31-4F6B-BAD5-4C1CB4F7C949}.Debug|x64.ActiveCfg = Debug|Any CPU
		{6FEE93D4-6C31-4F6B-BAD5-4C1CB4F7C949}.Debug|x64.Build.0 = Debug|Any CPU
		{6FEE93D4-6C31-4F6B-BAD5-4C1CB4F7C949}.Debug|x86.ActiveCfg = Debug|Any CPU
		{6FEE93D4-6C31-4F6B-BAD5-4C1CB4F7C949}.Debug|x86.Build.0 = Debug|Any CPU
		{6FEE93D4-6C31-4F6B-BAD5-4C1CB4F7C949}.Release|Any CPU.ActiveCfg = Release|Any CPU
		{6FEE93D4-6C31-4F6B-BAD5-4C1CB4F7C949}.Release|Any CPU.Build.0 = Release|Any CPU
		{6FEE93D4-6C31-4F6B-BAD5-4C1CB4F7C949}.Release|x64.ActiveCfg = Release|Any CPU
		{6FEE93D4-6C31-4F6B-BAD5-4C1CB4F7C949}.Release|x64.Build.0 = Release|Any CPU
		{6FEE93D4-6C31-4F6B-BAD5-4C1CB4F7C949}.Release|x86.ActiveCfg = Release|Any CPU
		{6FEE93D4-6C31-4F6B-BAD5-4C1CB4F7C949}.Release|x86.Build.0 = Release|Any CPU
		{D1E4BBF3-75D4-493A-B785-CC9FC6444809}.Debug|Any CPU.ActiveCfg = Debug|Any CPU
		{D1E4BBF3-75D4-493A-B785-CC9FC6444809}.Debug|Any CPU.Build.0 = Debug|Any CPU
		{D1E4BBF3-75D4-493A-B785-CC9FC6444809}.Debug|x64.ActiveCfg = Debug|Any CPU
		{D1E4BBF3-75D4-493A-B785-CC9FC6444809}.Debug|x64.Build.0 = Debug|Any CPU
		{D1E4BBF3-75D4-493A-B785-CC9FC6444809}.Debug|x86.ActiveCfg = Debug|Any CPU
		{D1E4BBF3-75D4-493A-B785-CC9FC6444809}.Debug|x86.Build.0 = Debug|Any CPU
		{D1E4BBF3-75D4-493A-B785-CC9FC6444809}.Release|Any CPU.ActiveCfg = Release|Any CPU
		{D1E4BBF3-75D4-493A-B785-CC9FC6444809}.Release|Any CPU.Build.0 = Release|Any CPU
		{D1E4BBF3-75D4-493A-B785-CC9FC6444809}.Release|x64.ActiveCfg = Release|Any CPU
		{D1E4BBF3-75D4-493A-B785-CC9FC6444809}.Release|x64.Build.0 = Release|Any CPU
		{D1E4BBF3-75D4-493A-B785-CC9FC6444809}.Release|x86.ActiveCfg = Release|Any CPU
		{D1E4BBF3-75D4-493A-B785-CC9FC6444809}.Release|x86.Build.0 = Release|Any CPU
		{9B28D87D-4E3B-448D-BCD5-2F2D2644D499}.Debug|Any CPU.ActiveCfg = Debug|Any CPU
		{9B28D87D-4E3B-448D-BCD5-2F2D2644D499}.Debug|Any CPU.Build.0 = Debug|Any CPU
		{9B28D87D-4E3B-448D-BCD5-2F2D2644D499}.Debug|x64.ActiveCfg = Debug|Any CPU
		{9B28D87D-4E3B-448D-BCD5-2F2D2644D499}.Debug|x64.Build.0 = Debug|Any CPU
		{9B28D87D-4E3B-448D-BCD5-2F2D2644D499}.Debug|x86.ActiveCfg = Debug|Any CPU
		{9B28D87D-4E3B-448D-BCD5-2F2D2644D499}.Debug|x86.Build.0 = Debug|Any CPU
		{9B28D87D-4E3B-448D-BCD5-2F2D2644D499}.Release|Any CPU.ActiveCfg = Release|Any CPU
		{9B28D87D-4E3B-448D-BCD5-2F2D2644D499}.Release|Any CPU.Build.0 = Release|Any CPU
		{9B28D87D-4E3B-448D-BCD5-2F2D2644D499}.Release|x64.ActiveCfg = Release|Any CPU
		{9B28D87D-4E3B-448D-BCD5-2F2D2644D499}.Release|x64.Build.0 = Release|Any CPU
		{9B28D87D-4E3B-448D-BCD5-2F2D2644D499}.Release|x86.ActiveCfg = Release|Any CPU
		{9B28D87D-4E3B-448D-BCD5-2F2D2644D499}.Release|x86.Build.0 = Release|Any CPU
		{624761FA-A75E-462A-BE3E-D322F59204DE}.Debug|Any CPU.ActiveCfg = Debug|Any CPU
		{624761FA-A75E-462A-BE3E-D322F59204DE}.Debug|Any CPU.Build.0 = Debug|Any CPU
		{624761FA-A75E-462A-BE3E-D322F59204DE}.Debug|x64.ActiveCfg = Debug|Any CPU
		{624761FA-A75E-462A-BE3E-D322F59204DE}.Debug|x64.Build.0 = Debug|Any CPU
		{624761FA-A75E-462A-BE3E-D322F59204DE}.Debug|x86.ActiveCfg = Debug|Any CPU
		{624761FA-A75E-462A-BE3E-D322F59204DE}.Debug|x86.Build.0 = Debug|Any CPU
		{624761FA-A75E-462A-BE3E-D322F59204DE}.Release|Any CPU.ActiveCfg = Release|Any CPU
		{624761FA-A75E-462A-BE3E-D322F59204DE}.Release|Any CPU.Build.0 = Release|Any CPU
		{624761FA-A75E-462A-BE3E-D322F59204DE}.Release|x64.ActiveCfg = Release|Any CPU
		{624761FA-A75E-462A-BE3E-D322F59204DE}.Release|x64.Build.0 = Release|Any CPU
		{624761FA-A75E-462A-BE3E-D322F59204DE}.Release|x86.ActiveCfg = Release|Any CPU
		{624761FA-A75E-462A-BE3E-D322F59204DE}.Release|x86.Build.0 = Release|Any CPU
		{DA4BB4A8-13A1-43B0-9E1B-D499FAC9FF00}.Debug|Any CPU.ActiveCfg = Debug|Any CPU
		{DA4BB4A8-13A1-43B0-9E1B-D499FAC9FF00}.Debug|Any CPU.Build.0 = Debug|Any CPU
		{DA4BB4A8-13A1-43B0-9E1B-D499FAC9FF00}.Debug|x64.ActiveCfg = Debug|Any CPU
		{DA4BB4A8-13A1-43B0-9E1B-D499FAC9FF00}.Debug|x64.Build.0 = Debug|Any CPU
		{DA4BB4A8-13A1-43B0-9E1B-D499FAC9FF00}.Debug|x86.ActiveCfg = Debug|Any CPU
		{DA4BB4A8-13A1-43B0-9E1B-D499FAC9FF00}.Debug|x86.Build.0 = Debug|Any CPU
		{DA4BB4A8-13A1-43B0-9E1B-D499FAC9FF00}.Release|Any CPU.ActiveCfg = Release|Any CPU
		{DA4BB4A8-13A1-43B0-9E1B-D499FAC9FF00}.Release|Any CPU.Build.0 = Release|Any CPU
		{DA4BB4A8-13A1-43B0-9E1B-D499FAC9FF00}.Release|x64.ActiveCfg = Release|Any CPU
		{DA4BB4A8-13A1-43B0-9E1B-D499FAC9FF00}.Release|x64.Build.0 = Release|Any CPU
		{DA4BB4A8-13A1-43B0-9E1B-D499FAC9FF00}.Release|x86.ActiveCfg = Release|Any CPU
		{DA4BB4A8-13A1-43B0-9E1B-D499FAC9FF00}.Release|x86.Build.0 = Release|Any CPU
		{C07887F5-5AC1-4E8A-9725-FD64450C4009}.Debug|Any CPU.ActiveCfg = Debug|Any CPU
		{C07887F5-5AC1-4E8A-9725-FD64450C4009}.Debug|Any CPU.Build.0 = Debug|Any CPU
		{C07887F5-5AC1-4E8A-9725-FD64450C4009}.Debug|x64.ActiveCfg = Debug|Any CPU
		{C07887F5-5AC1-4E8A-9725-FD64450C4009}.Debug|x64.Build.0 = Debug|Any CPU
		{C07887F5-5AC1-4E8A-9725-FD64450C4009}.Debug|x86.ActiveCfg = Debug|Any CPU
		{C07887F5-5AC1-4E8A-9725-FD64450C4009}.Debug|x86.Build.0 = Debug|Any CPU
		{C07887F5-5AC1-4E8A-9725-FD64450C4009}.Release|Any CPU.ActiveCfg = Release|Any CPU
		{C07887F5-5AC1-4E8A-9725-FD64450C4009}.Release|Any CPU.Build.0 = Release|Any CPU
		{C07887F5-5AC1-4E8A-9725-FD64450C4009}.Release|x64.ActiveCfg = Release|Any CPU
		{C07887F5-5AC1-4E8A-9725-FD64450C4009}.Release|x64.Build.0 = Release|Any CPU
		{C07887F5-5AC1-4E8A-9725-FD64450C4009}.Release|x86.ActiveCfg = Release|Any CPU
		{C07887F5-5AC1-4E8A-9725-FD64450C4009}.Release|x86.Build.0 = Release|Any CPU
		{53D31A12-4512-440A-A6D8-1018195431CD}.Debug|Any CPU.ActiveCfg = Debug|Any CPU
		{53D31A12-4512-440A-A6D8-1018195431CD}.Debug|Any CPU.Build.0 = Debug|Any CPU
		{53D31A12-4512-440A-A6D8-1018195431CD}.Debug|x64.ActiveCfg = Debug|Any CPU
		{53D31A12-4512-440A-A6D8-1018195431CD}.Debug|x64.Build.0 = Debug|Any CPU
		{53D31A12-4512-440A-A6D8-1018195431CD}.Debug|x86.ActiveCfg = Debug|Any CPU
		{53D31A12-4512-440A-A6D8-1018195431CD}.Debug|x86.Build.0 = Debug|Any CPU
		{53D31A12-4512-440A-A6D8-1018195431CD}.Release|Any CPU.ActiveCfg = Release|Any CPU
		{53D31A12-4512-440A-A6D8-1018195431CD}.Release|Any CPU.Build.0 = Release|Any CPU
		{53D31A12-4512-440A-A6D8-1018195431CD}.Release|x64.ActiveCfg = Release|Any CPU
		{53D31A12-4512-440A-A6D8-1018195431CD}.Release|x64.Build.0 = Release|Any CPU
		{53D31A12-4512-440A-A6D8-1018195431CD}.Release|x86.ActiveCfg = Release|Any CPU
		{53D31A12-4512-440A-A6D8-1018195431CD}.Release|x86.Build.0 = Release|Any CPU
		{863E54F6-72B8-4F85-88EE-399D9FAE637C}.Debug|Any CPU.ActiveCfg = Debug|Any CPU
		{863E54F6-72B8-4F85-88EE-399D9FAE637C}.Debug|Any CPU.Build.0 = Debug|Any CPU
		{863E54F6-72B8-4F85-88EE-399D9FAE637C}.Debug|x64.ActiveCfg = Debug|Any CPU
		{863E54F6-72B8-4F85-88EE-399D9FAE637C}.Debug|x64.Build.0 = Debug|Any CPU
		{863E54F6-72B8-4F85-88EE-399D9FAE637C}.Debug|x86.ActiveCfg = Debug|Any CPU
		{863E54F6-72B8-4F85-88EE-399D9FAE637C}.Debug|x86.Build.0 = Debug|Any CPU
		{863E54F6-72B8-4F85-88EE-399D9FAE637C}.Release|Any CPU.ActiveCfg = Release|Any CPU
		{863E54F6-72B8-4F85-88EE-399D9FAE637C}.Release|Any CPU.Build.0 = Release|Any CPU
		{863E54F6-72B8-4F85-88EE-399D9FAE637C}.Release|x64.ActiveCfg = Release|Any CPU
		{863E54F6-72B8-4F85-88EE-399D9FAE637C}.Release|x64.Build.0 = Release|Any CPU
		{863E54F6-72B8-4F85-88EE-399D9FAE637C}.Release|x86.ActiveCfg = Release|Any CPU
		{863E54F6-72B8-4F85-88EE-399D9FAE637C}.Release|x86.Build.0 = Release|Any CPU
	EndGlobalSection
	GlobalSection(SolutionProperties) = preSolution
		HideSolutionNode = FALSE
	EndGlobalSection
	GlobalSection(NestedProjects) = preSolution
		{B870A3AE-8FD7-42C7-814A-AFD380CBAB6C} = {827E0CD3-B72D-47B6-A68D-7590B98EB39B}
		{6FEE93D4-6C31-4F6B-BAD5-4C1CB4F7C949} = {827E0CD3-B72D-47B6-A68D-7590B98EB39B}
		{D1E4BBF3-75D4-493A-B785-CC9FC6444809} = {827E0CD3-B72D-47B6-A68D-7590B98EB39B}
		{9B28D87D-4E3B-448D-BCD5-2F2D2644D499} = {827E0CD3-B72D-47B6-A68D-7590B98EB39B}
		{624761FA-A75E-462A-BE3E-D322F59204DE} = {0AB3BF05-4346-4AA6-1389-037BE0695223}
		{DA4BB4A8-13A1-43B0-9E1B-D499FAC9FF00} = {0AB3BF05-4346-4AA6-1389-037BE0695223}
		{C07887F5-5AC1-4E8A-9725-FD64450C4009} = {0AB3BF05-4346-4AA6-1389-037BE0695223}
		{53D31A12-4512-440A-A6D8-1018195431CD} = {0AB3BF05-4346-4AA6-1389-037BE0695223}
		{863E54F6-72B8-4F85-88EE-399D9FAE637C} = {0AB3BF05-4346-4AA6-1389-037BE0695223}
	EndGlobalSection
EndGlobal
